
Microsoft Visual Studio Solution File, Format Version 12.00
# Visual Studio Version 17
VisualStudioVersion = 17.4.33213.308
MinimumVisualStudioVersion = 10.0.40219.1
Project("{FAE04EC0-301F-11D3-BF4B-00C04F79EFBC}") = "FantasyQuest.Android", "FantasyQuest\FantasyQuest.Android\FantasyQuest.Android.csproj", "{6198D24E-B2B0-4B5A-9E3E-0F422C523241}"
EndProject
Project("{FAE04EC0-301F-11D3-BF4B-00C04F79EFBC}") = "FantasyQuest.iOS", "FantasyQuest\FantasyQuest.iOS\FantasyQuest.iOS.csproj", "{5AAFC47F-1938-4BB6-82EA-002653DB4C53}"
EndProject
Project("{FAE04EC0-301F-11D3-BF4B-00C04F79EFBC}") = "FantasyQuest", "FantasyQuest\FantasyQuest\FantasyQuest.csproj", "{A7D01173-E93B-4358-84AD-804B91E362DF}"
EndProject
Global
	GlobalSection(SolutionConfigurationPlatforms) = preSolution
		Debug|Any CPU = Debug|Any CPU
		Debug|iPhone = Debug|iPhone
		Debug|iPhoneSimulator = Debug|iPhoneSimulator
		Release|Any CPU = Release|Any CPU
		Release|iPhone = Release|iPhone
		Release|iPhoneSimulator = Release|iPhoneSimulator
	EndGlobalSection
	GlobalSection(ProjectConfigurationPlatforms) = postSolution
		{6198D24E-B2B0-4B5A-9E3E-0F422C523241}.Debug|Any CPU.ActiveCfg = Debug|Any CPU
		{6198D24E-B2B0-4B5A-9E3E-0F422C523241}.Debug|Any CPU.Build.0 = Debug|Any CPU
		{6198D24E-B2B0-4B5A-9E3E-0F422C523241}.Debug|Any CPU.Deploy.0 = Debug|Any CPU
		{6198D24E-B2B0-4B5A-9E3E-0F422C523241}.Debug|iPhone.ActiveCfg = Debug|Any CPU
		{6198D24E-B2B0-4B5A-9E3E-0F422C523241}.Debug|iPhone.Build.0 = Debug|Any CPU
		{6198D24E-B2B0-4B5A-9E3E-0F422C523241}.Debug|iPhone.Deploy.0 = Debug|Any CPU
		{6198D24E-B2B0-4B5A-9E3E-0F422C523241}.Debug|iPhoneSimulator.ActiveCfg = Debug|Any CPU
		{6198D24E-B2B0-4B5A-9E3E-0F422C523241}.Debug|iPhoneSimulator.Build.0 = Debug|Any CPU
		{6198D24E-B2B0-4B5A-9E3E-0F422C523241}.Debug|iPhoneSimulator.Deploy.0 = Debug|Any CPU
		{6198D24E-B2B0-4B5A-9E3E-0F422C523241}.Release|Any CPU.ActiveCfg = Release|Any CPU
		{6198D24E-B2B0-4B5A-9E3E-0F422C523241}.Release|Any CPU.Build.0 = Release|Any CPU
		{6198D24E-B2B0-4B5A-9E3E-0F422C523241}.Release|Any CPU.Deploy.0 = Release|Any CPU
		{6198D24E-B2B0-4B5A-9E3E-0F422C523241}.Release|iPhone.ActiveCfg = Release|Any CPU
		{6198D24E-B2B0-4B5A-9E3E-0F422C523241}.Release|iPhone.Build.0 = Release|Any CPU
		{6198D24E-B2B0-4B5A-9E3E-0F422C523241}.Release|iPhone.Deploy.0 = Release|Any CPU
		{6198D24E-B2B0-4B5A-9E3E-0F422C523241}.Release|iPhoneSimulator.ActiveCfg = Release|Any CPU
		{6198D24E-B2B0-4B5A-9E3E-0F422C523241}.Release|iPhoneSimulator.Build.0 = Release|Any CPU
		{6198D24E-B2B0-4B5A-9E3E-0F422C523241}.Release|iPhoneSimulator.Deploy.0 = Release|Any CPU
		{5AAFC47F-1938-4BB6-82EA-002653DB4C53}.Debug|Any CPU.ActiveCfg = Debug|iPhone
		{5AAFC47F-1938-4BB6-82EA-002653DB4C53}.Debug|Any CPU.Build.0 = Debug|iPhone
		{5AAFC47F-1938-4BB6-82EA-002653DB4C53}.Debug|Any CPU.Deploy.0 = Debug|iPhone
		{5AAFC47F-1938-4BB6-82EA-002653DB4C53}.Debug|iPhone.ActiveCfg = Debug|iPhone
		{5AAFC47F-1938-4BB6-82EA-002653DB4C53}.Debug|iPhone.Build.0 = Debug|iPhone
		{5AAFC47F-1938-4BB6-82EA-002653DB4C53}.Debug|iPhone.Deploy.0 = Debug|iPhone
		{5AAFC47F-1938-4BB6-82EA-002653DB4C53}.Debug|iPhoneSimulator.ActiveCfg = Debug|iPhoneSimulator
		{5AAFC47F-1938-4BB6-82EA-002653DB4C53}.Debug|iPhoneSimulator.Build.0 = Debug|iPhoneSimulator
		{5AAFC47F-1938-4BB6-82EA-002653DB4C53}.Debug|iPhoneSimulator.Deploy.0 = Debug|iPhoneSimulator
		{5AAFC47F-1938-4BB6-82EA-002653DB4C53}.Release|Any CPU.ActiveCfg = Release|iPhoneSimulator
		{5AAFC47F-1938-4BB6-82EA-002653DB4C53}.Release|Any CPU.Build.0 = Release|iPhoneSimulator
		{5AAFC47F-1938-4BB6-82EA-002653DB4C53}.Release|Any CPU.Deploy.0 = Release|iPhoneSimulator
		{5AAFC47F-1938-4BB6-82EA-002653DB4C53}.Release|iPhone.ActiveCfg = Release|iPhone
		{5AAFC47F-1938-4BB6-82EA-002653DB4C53}.Release|iPhone.Build.0 = Release|iPhone
		{5AAFC47F-1938-4BB6-82EA-002653DB4C53}.Release|iPhone.Deploy.0 = Release|iPhone
		{5AAFC47F-1938-4BB6-82EA-002653DB4C53}.Release|iPhoneSimulator.ActiveCfg = Release|iPhoneSimulator
		{5AAFC47F-1938-4BB6-82EA-002653DB4C53}.Release|iPhoneSimulator.Build.0 = Release|iPhoneSimulator
		{5AAFC47F-1938-4BB6-82EA-002653DB4C53}.Release|iPhoneSimulator.Deploy.0 = Release|iPhoneSimulator
		{A7D01173-E93B-4358-84AD-804B91E362DF}.Debug|Any CPU.ActiveCfg = Debug|Any CPU
		{A7D01173-E93B-4358-84AD-804B91E362DF}.Debug|Any CPU.Build.0 = Debug|Any CPU
		{A7D01173-E93B-4358-84AD-804B91E362DF}.Debug|Any CPU.Deploy.0 = Debug|Any CPU
		{A7D01173-E93B-4358-84AD-804B91E362DF}.Debug|iPhone.ActiveCfg = Debug|Any CPU
		{A7D01173-E93B-4358-84AD-804B91E362DF}.Debug|iPhone.Build.0 = Debug|Any CPU
		{A7D01173-E93B-4358-84AD-804B91E362DF}.Debug|iPhone.Deploy.0 = Debug|Any CPU
		{A7D01173-E93B-4358-84AD-804B91E362DF}.Debug|iPhoneSimulator.ActiveCfg = Debug|Any CPU
		{A7D01173-E93B-4358-84AD-804B91E362DF}.Debug|iPhoneSimulator.Build.0 = Debug|Any CPU
		{A7D01173-E93B-4358-84AD-804B91E362DF}.Debug|iPhoneSimulator.Deploy.0 = Debug|Any CPU
		{A7D01173-E93B-4358-84AD-804B91E362DF}.Release|Any CPU.ActiveCfg = Release|Any CPU
		{A7D01173-E93B-4358-84AD-804B91E362DF}.Release|Any CPU.Build.0 = Release|Any CPU
		{A7D01173-E93B-4358-84AD-804B91E362DF}.Release|Any CPU.Deploy.0 = Release|Any CPU
		{A7D01173-E93B-4358-84AD-804B91E362DF}.Release|iPhone.ActiveCfg = Release|Any CPU
		{A7D01173-E93B-4358-84AD-804B91E362DF}.Release|iPhone.Build.0 = Release|Any CPU
		{A7D01173-E93B-4358-84AD-804B91E362DF}.Release|iPhone.Deploy.0 = Release|Any CPU
		{A7D01173-E93B-4358-84AD-804B91E362DF}.Release|iPhoneSimulator.ActiveCfg = Release|Any CPU
		{A7D01173-E93B-4358-84AD-804B91E362DF}.Release|iPhoneSimulator.Build.0 = Release|Any CPU
		{A7D01173-E93B-4358-84AD-804B91E362DF}.Release|iPhoneSimulator.Deploy.0 = Release|Any CPU
	EndGlobalSection
	GlobalSection(SolutionProperties) = preSolution
		HideSolutionNode = FALSE
	EndGlobalSection
	GlobalSection(ExtensibilityGlobals) = postSolution
		SolutionGuid = {503F594B-9932-4C54-9035-043349D865A9}
	EndGlobalSection
EndGlobal
